
Microsoft Visual Studio Solution File, Format Version 12.00
Project("{2150E333-8FDC-42A3-9474-1A3956D46DE8}") = "src", "src", "{92E4C5DF-E3FE-408E-BF50-CBA65002E917}"
EndProject
Project("{2150E333-8FDC-42A3-9474-1A3956D46DE8}") = "tests", "tests", "{D7E87A8D-7A4C-470A-9B6C-9B251716F256}"
EndProject
Project("{2150E333-8FDC-42A3-9474-1A3956D46DE8}") = "benchmarks", "benchmarks", "{63A5B4D4-A9C2-48E4-A7FC-7733236B439F}"
EndProject
Project("{FAE04EC0-301F-11D3-BF4B-00C04F79EFBC}") = "Matrices", "src\Matrices\Matrices.csproj", "{63C46CBA-5E11-46CC-A155-B3581DE09D75}"
EndProject
Project("{FAE04EC0-301F-11D3-BF4B-00C04F79EFBC}") = "Nonlinear", "src\Nonlinear\Nonlinear.csproj", "{8D31B4E7-1722-432F-A719-5CA1FFF20691}"
EndProject
Project("{FAE04EC0-301F-11D3-BF4B-00C04F79EFBC}") = "Teste", "tests\Teste\Teste.csproj", "{32D571D2-ADFA-4E03-8FEA-358875CE157C}"
EndProject
Project("{FAE04EC0-301F-11D3-BF4B-00C04F79EFBC}") = "Relations", "src\Relations\Relations.csproj", "{6B20BD34-A52B-4D09-91D4-07610AC10ECD}"
EndProject
Project("{FAE04EC0-301F-11D3-BF4B-00C04F79EFBC}") = "Postprocess", "src\Postprocess\Postprocess.csproj", "{5EBD8D3F-B3B6-44E1-BB60-1DB5CC9D0F20}"
EndProject
Project("{FAE04EC0-301F-11D3-BF4B-00C04F79EFBC}") = "Meshing", "src\Meshing\Meshing.csproj", "{783456A4-393A-490A-8E7B-92E77443BE93}"
EndProject
Project("{FAE04EC0-301F-11D3-BF4B-00C04F79EFBC}") = "Mm3Bdn", "benchmarks\Mm3Bdn\Mm3Bdn.csproj", "{3B2B05C3-53AC-47B6-AE1A-188832DA0FDA}"
EndProject
Project("{FAE04EC0-301F-11D3-BF4B-00C04F79EFBC}") = "Mm3Bench", "benchmarks\Mm3Bench\Mm3Bench.csproj", "{FEA56BD9-5D02-48AE-9F60-269A3B2F02A4}"
EndProject
Project("{FAE04EC0-301F-11D3-BF4B-00C04F79EFBC}") = "UnitTests", "tests\UnitTests\UnitTests.csproj", "{F0CD9585-AC25-4870-919C-1062161F2DF4}"
EndProject
Project("{FAE04EC0-301F-11D3-BF4B-00C04F79EFBC}") = "Mm3Scaling", "benchmarks\Mm3Scaling\Mm3Scaling.csproj", "{3BCCAC46-28C9-4141-B0BE-77B6E632EF33}"
EndProject
Project("{FAE04EC0-301F-11D3-BF4B-00C04F79EFBC}") = "Mm3Paper", "benchmarks\Mm3Paper\Mm3Paper.csproj", "{41056DA5-456D-4EB8-8926-6F57BC160D6B}"
EndProject
Project("{FAE04EC0-301F-11D3-BF4B-00C04F79EFBC}") = "Mm3Figures", "benchmarks\Mm3Figures\Mm3Figures.csproj", "{3465EB83-671B-454A-A50A-BAD7D92A0DF3}"
EndProject
Global
	GlobalSection(SolutionConfigurationPlatforms) = preSolution
		Release|64 = Release|64
		Release|Any CPU = Release|Any CPU
		Release|x64 = Release|x64
		Release|x86 = Release|x86
		Debug|64 = Debug|64
		Debug|Any CPU = Debug|Any CPU
		Debug|x64 = Debug|x64
		Debug|x86 = Debug|x86
	EndGlobalSection
	GlobalSection(ProjectConfigurationPlatforms) = postSolution
		{63C46CBA-5E11-46CC-A155-B3581DE09D75}.Release|64.ActiveCfg = Release|64
		{63C46CBA-5E11-46CC-A155-B3581DE09D75}.Release|64.Build.0 = Release|64
		{63C46CBA-5E11-46CC-A155-B3581DE09D75}.Release|Any CPU.ActiveCfg = Release|Any CPU
		{63C46CBA-5E11-46CC-A155-B3581DE09D75}.Release|Any CPU.Build.0 = Release|Any CPU
		{63C46CBA-5E11-46CC-A155-B3581DE09D75}.Release|x64.ActiveCfg = Release|Any CPU
		{63C46CBA-5E11-46CC-A155-B3581DE09D75}.Release|x64.Build.0 = Release|Any CPU
		{63C46CBA-5E11-46CC-A155-B3581DE09D75}.Release|x86.ActiveCfg = Release|Any CPU
		{63C46CBA-5E11-46CC-A155-B3581DE09D75}.Release|x86.Build.0 = Release|Any CPU
		{63C46CBA-5E11-46CC-A155-B3581DE09D75}.Debug|64.ActiveCfg = Debug|64
		{63C46CBA-5E11-46CC-A155-B3581DE09D75}.Debug|64.Build.0 = Debug|64
		{63C46CBA-5E11-46CC-A155-B3581DE09D75}.Debug|Any CPU.ActiveCfg = Debug|Any CPU
		{63C46CBA-5E11-46CC-A155-B3581DE09D75}.Debug|Any CPU.Build.0 = Debug|Any CPU
		{63C46CBA-5E11-46CC-A155-B3581DE09D75}.Debug|x64.ActiveCfg = Debug|Any CPU
		{63C46CBA-5E11-46CC-A155-B3581DE09D75}.Debug|x64.Build.0 = Debug|Any CPU
		{63C46CBA-5E11-46CC-A155-B3581DE09D75}.Debug|x86.ActiveCfg = Debug|Any CPU
		{63C46CBA-5E11-46CC-A155-B3581DE09D75}.Debug|x86.Build.0 = Debug|Any CPU
		{8D31B4E7-1722-432F-A719-5CA1FFF20691}.Release|64.ActiveCfg = Release|64
		{8D31B4E7-1722-432F-A719-5CA1FFF20691}.Release|64.Build.0 = Release|64
		{8D31B4E7-1722-432F-A719-5CA1FFF20691}.Release|Any CPU.ActiveCfg = Release|Any CPU
		{8D31B4E7-1722-432F-A719-5CA1FFF20691}.Release|Any CPU.Build.0 = Release|Any CPU
		{8D31B4E7-1722-432F-A719-5CA1FFF20691}.Release|x64.ActiveCfg = Release|Any CPU
		{8D31B4E7-1722-432F-A719-5CA1FFF20691}.Release|x64.Build.0 = Release|Any CPU
		{8D31B4E7-1722-432F-A719-5CA1FFF20691}.Release|x86.ActiveCfg = Release|Any CPU
		{8D31B4E7-1722-432F-A719-5CA1FFF20691}.Release|x86.Build.0 = Release|Any CPU
		{8D31B4E7-1722-432F-A719-5CA1FFF20691}.Debug|64.ActiveCfg = Debug|64
		{8D31B4E7-1722-432F-A719-5CA1FFF20691}.Debug|64.Build.0 = Debug|64
		{8D31B4E7-1722-432F-A719-5CA1FFF20691}.Debug|Any CPU.ActiveCfg = Debug|Any CPU
		{8D31B4E7-1722-432F-A719-5CA1FFF20691}.Debug|Any CPU.Build.0 = Debug|Any CPU
		{8D31B4E7-1722-432F-A719-5CA1FFF20691}.Debug|x64.ActiveCfg = Debug|Any CPU
		{8D31B4E7-1722-432F-A719-5CA1FFF20691}.Debug|x64.Build.0 = Debug|Any CPU
		{8D31B4E7-1722-432F-A719-5CA1FFF20691}.Debug|x86.ActiveCfg = Debug|Any CPU
		{8D31B4E7-1722-432F-A719-5CA1FFF20691}.Debug|x86.Build.0 = Debug|Any CPU
		{32D571D2-ADFA-4E03-8FEA-358875CE157C}.Release|64.ActiveCfg = Release|64
		{32D571D2-ADFA-4E03-8FEA-358875CE157C}.Release|64.Build.0 = Release|64
		{32D571D2-ADFA-4E03-8FEA-358875CE157C}.Release|Any CPU.ActiveCfg = Release|Any CPU
		{32D571D2-ADFA-4E03-8FEA-358875CE157C}.Release|Any CPU.Build.0 = Release|Any CPU
		{32D571D2-ADFA-4E03-8FEA-358875CE157C}.Release|x64.ActiveCfg = Release|Any CPU
		{32D571D2-ADFA-4E03-8FEA-358875CE157C}.Release|x64.Build.0 = Release|Any CPU
		{32D571D2-ADFA-4E03-8FEA-358875CE157C}.Release|x86.ActiveCfg = Release|Any CPU
		{32D571D2-ADFA-4E03-8FEA-358875CE157C}.Release|x86.Build.0 = Release|Any CPU
		{32D571D2-ADFA-4E03-8FEA-358875CE157C}.Debug|64.ActiveCfg = Debug|64
		{32D571D2-ADFA-4E03-8FEA-358875CE157C}.Debug|64.Build.0 = Debug|64
		{32D571D2-ADFA-4E03-8FEA-358875CE157C}.Debug|Any CPU.ActiveCfg = Debug|Any CPU
		{32D571D2-ADFA-4E03-8FEA-358875CE157C}.Debug|Any CPU.Build.0 = Debug|Any CPU
		{32D571D2-ADFA-4E03-8FEA-358875CE157C}.Debug|x64.ActiveCfg = Debug|Any CPU
		{32D571D2-ADFA-4E03-8FEA-358875CE157C}.Debug|x64.Build.0 = Debug|Any CPU
		{32D571D2-ADFA-4E03-8FEA-358875CE157C}.Debug|x86.ActiveCfg = Debug|Any CPU
		{32D571D2-ADFA-4E03-8FEA-358875CE157C}.Debug|x86.Build.0 = Debug|Any CPU
		{6B20BD34-A52B-4D09-91D4-07610AC10ECD}.Release|64.ActiveCfg = Release|64
		{6B20BD34-A52B-4D09-91D4-07610AC10ECD}.Release|64.Build.0 = Release|64
		{6B20BD34-A52B-4D09-91D4-07610AC10ECD}.Release|Any CPU.ActiveCfg = Release|Any CPU
		{6B20BD34-A52B-4D09-91D4-07610AC10ECD}.Release|Any CPU.Build.0 = Release|Any CPU
		{6B20BD34-A52B-4D09-91D4-07610AC10ECD}.Release|x64.ActiveCfg = Release|Any CPU
		{6B20BD34-A52B-4D09-91D4-07610AC10ECD}.Release|x64.Build.0 = Release|Any CPU
		{6B20BD34-A52B-4D09-91D4-07610AC10ECD}.Release|x86.ActiveCfg = Release|Any CPU
		{6B20BD34-A52B-4D09-91D4-07610AC10ECD}.Release|x86.Build.0 = Release|Any CPU
		{6B20BD34-A52B-4D09-91D4-07610AC10ECD}.Debug|64.ActiveCfg = Debug|64
		{6B20BD34-A52B-4D09-91D4-07610AC10ECD}.Debug|64.Build.0 = Debug|64
		{6B20BD34-A52B-4D09-91D4-07610AC10ECD}.Debug|Any CPU.ActiveCfg = Debug|Any CPU
		{6B20BD34-A52B-4D09-91D4-07610AC10ECD}.Debug|Any CPU.Build.0 = Debug|Any CPU
		{6B20BD34-A52B-4D09-91D4-07610AC10ECD}.Debug|x64.ActiveCfg = Debug|Any CPU
		{6B20BD34-A52B-4D09-91D4-07610AC10ECD}.Debug|x64.Build.0 = Debug|Any CPU
		{6B20BD34-A52B-4D09-91D4-07610AC10ECD}.Debug|x86.ActiveCfg = Debug|Any CPU
		{6B20BD34-A52B-4D09-91D4-07610AC10ECD}.Debug|x86.Build.0 = Debug|Any CPU
		{5EBD8D3F-B3B6-44E1-BB60-1DB5CC9D0F20}.Release|64.ActiveCfg = Release|64
		{5EBD8D3F-B3B6-44E1-BB60-1DB5CC9D0F20}.Release|64.Build.0 = Release|64
		{5EBD8D3F-B3B6-44E1-BB60-1DB5CC9D0F20}.Release|Any CPU.ActiveCfg = Release|Any CPU
		{5EBD8D3F-B3B6-44E1-BB60-1DB5CC9D0F20}.Release|Any CPU.Build.0 = Release|Any CPU
		{5EBD8D3F-B3B6-44E1-BB60-1DB5CC9D0F20}.Release|x64.ActiveCfg = Release|Any CPU
		{5EBD8D3F-B3B6-44E1-BB60-1DB5CC9D0F20}.Release|x64.Build.0 = Release|Any CPU
		{5EBD8D3F-B3B6-44E1-BB60-1DB5CC9D0F20}.Release|x86.ActiveCfg = Release|Any CPU
		{5EBD8D3F-B3B6-44E1-BB60-1DB5CC9D0F20}.Release|x86.Build.0 = Release|Any CPU
		{5EBD8D3F-B3B6-44E1-BB60-1DB5CC9D0F20}.Debug|64.ActiveCfg = Debug|64
		{5EBD8D3F-B3B6-44E1-BB60-1DB5CC9D0F20}.Debug|64.Build.0 = Debug|64
		{5EBD8D3F-B3B6-44E1-BB60-1DB5CC9D0F20}.Debug|Any CPU.ActiveCfg = Debug|Any CPU
		{5EBD8D3F-B3B6-44E1-BB60-1DB5CC9D0F20}.Debug|Any CPU.Build.0 = Debug|Any CPU
		{5EBD8D3F-B3B6-44E1-BB60-1DB5CC9D0F20}.Debug|x64.ActiveCfg = Debug|Any CPU
		{5EBD8D3F-B3B6-44E1-BB60-1DB5CC9D0F20}.Debug|x64.Build.0 = Debug|Any CPU
		{5EBD8D3F-B3B6-44E1-BB60-1DB5CC9D0F20}.Debug|x86.ActiveCfg = Debug|Any CPU
		{5EBD8D3F-B3B6-44E1-BB60-1DB5CC9D0F20}.Debug|x86.Build.0 = Debug|Any CPU
		{783456A4-393A-490A-8E7B-92E77443BE93}.Release|64.ActiveCfg = Release|64
		{783456A4-393A-490A-8E7B-92E77443BE93}.Release|64.Build.0 = Release|64
		{783456A4-393A-490A-8E7B-92E77443BE93}.Release|Any CPU.ActiveCfg = Release|Any CPU
		{783456A4-393A-490A-8E7B-92E77443BE93}.Release|Any CPU.Build.0 = Release|Any CPU
		{783456A4-393A-490A-8E7B-92E77443BE93}.Release|x64.ActiveCfg = Release|Any CPU
		{783456A4-393A-490A-8E7B-92E77443BE93}.Release|x64.Build.0 = Release|Any CPU
		{783456A4-393A-490A-8E7B-92E77443BE93}.Release|x86.ActiveCfg = Release|Any CPU
		{783456A4-393A-490A-8E7B-92E77443BE93}.Release|x86.Build.0 = Release|Any CPU
		{783456A4-393A-490A-8E7B-92E77443BE93}.Debug|64.ActiveCfg = Debug|64
		{783456A4-393A-490A-8E7B-92E77443BE93}.Debug|64.Build.0 = Debug|64
		{783456A4-393A-490A-8E7B-92E77443BE93}.Debug|Any CPU.ActiveCfg = Debug|Any CPU
		{783456A4-393A-490A-8E7B-92E77443BE93}.Debug|Any CPU.Build.0 = Debug|Any CPU
		{783456A4-393A-490A-8E7B-92E77443BE93}.Debug|x64.ActiveCfg = Debug|Any CPU
		{783456A4-393A-490A-8E7B-92E77443BE93}.Debug|x64.Build.0 = Debug|Any CPU
		{783456A4-393A-490A-8E7B-92E77443BE93}.Debug|x86.ActiveCfg = Debug|Any CPU
		{783456A4-393A-490A-8E7B-92E77443BE93}.Debug|x86.Build.0 = Debug|Any CPU
		{3B2B05C3-53AC-47B6-AE1A-188832DA0FDA}.Release|64.ActiveCfg = Release|64
		{3B2B05C3-53AC-47B6-AE1A-188832DA0FDA}.Release|64.Build.0 = Release|64
		{3B2B05C3-53AC-47B6-AE1A-188832DA0FDA}.Release|Any CPU.ActiveCfg = Release|Any CPU
		{3B2B05C3-53AC-47B6-AE1A-188832DA0FDA}.Release|Any CPU.Build.0 = Release|Any CPU
		{3B2B05C3-53AC-47B6-AE1A-188832DA0FDA}.Release|x64.ActiveCfg = Release|Any CPU
		{3B2B05C3-53AC-47B6-AE1A-188832DA0FDA}.Release|x64.Build.0 = Release|Any CPU
		{3B2B05C3-53AC-47B6-AE1A-188832DA0FDA}.Release|x86.ActiveCfg = Release|Any CPU
		{3B2B05C3-53AC-47B6-AE1A-188832DA0FDA}.Release|x86.Build.0 = Release|Any CPU
		{3B2B05C3-53AC-47B6-AE1A-188832DA0FDA}.Debug|64.ActiveCfg = Debug|64
		{3B2B05C3-53AC-47B6-AE1A-188832DA0FDA}.Debug|64.Build.0 = Debug|64
		{3B2B05C3-53AC-47B6-AE1A-188832DA0FDA}.Debug|Any CPU.ActiveCfg = Debug|Any CPU
		{3B2B05C3-53AC-47B6-AE1A-188832DA0FDA}.Debug|Any CPU.Build.0 = Debug|Any CPU
		{3B2B05C3-53AC-47B6-AE1A-188832DA0FDA}.Debug|x64.ActiveCfg = Debug|Any CPU
		{3B2B05C3-53AC-47B6-AE1A-188832DA0FDA}.Debug|x64.Build.0 = Debug|Any CPU
		{3B2B05C3-53AC-47B6-AE1A-188832DA0FDA}.Debug|x86.ActiveCfg = Debug|Any CPU
		{3B2B05C3-53AC-47B6-AE1A-188832DA0FDA}.Debug|x86.Build.0 = Debug|Any CPU
		{FEA56BD9-5D02-48AE-9F60-269A3B2F02A4}.Release|64.ActiveCfg = Release|64
		{FEA56BD9-5D02-48AE-9F60-269A3B2F02A4}.Release|64.Build.0 = Release|64
		{FEA56BD9-5D02-48AE-9F60-269A3B2F02A4}.Release|Any CPU.ActiveCfg = Release|Any CPU
		{FEA56BD9-5D02-48AE-9F60-269A3B2F02A4}.Release|Any CPU.Build.0 = Release|Any CPU
		{FEA56BD9-5D02-48AE-9F60-269A3B2F02A4}.Release|x64.ActiveCfg = Release|Any CPU
		{FEA56BD9-5D02-48AE-9F60-269A3B2F02A4}.Release|x64.Build.0 = Release|Any CPU
		{FEA56BD9-5D02-48AE-9F60-269A3B2F02A4}.Release|x86.ActiveCfg = Release|Any CPU
		{FEA56BD9-5D02-48AE-9F60-269A3B2F02A4}.Release|x86.Build.0 = Release|Any CPU
		{FEA56BD9-5D02-48AE-9F60-269A3B2F02A4}.Debug|64.ActiveCfg = Debug|64
		{FEA56BD9-5D02-48AE-9F60-269A3B2F02A4}.Debug|64.Build.0 = Debug|64
		{FEA56BD9-5D02-48AE-9F60-269A3B2F02A4}.Debug|Any CPU.ActiveCfg = Debug|Any CPU
		{FEA56BD9-5D02-48AE-9F60-269A3B2F02A4}.Debug|Any CPU.Build.0 = Debug|Any CPU
		{FEA56BD9-5D02-48AE-9F60-269A3B2F02A4}.Debug|x64.ActiveCfg = Debug|Any CPU
		{FEA56BD9-5D02-48AE-9F60-269A3B2F02A4}.Debug|x64.Build.0 = Debug|Any CPU
		{FEA56BD9-5D02-48AE-9F60-269A3B2F02A4}.Debug|x86.ActiveCfg = Debug|Any CPU
		{FEA56BD9-5D02-48AE-9F60-269A3B2F02A4}.Debug|x86.Build.0 = Debug|Any CPU
		{F0CD9585-AC25-4870-919C-1062161F2DF4}.Release|64.ActiveCfg = Release|64
		{F0CD9585-AC25-4870-919C-1062161F2DF4}.Release|64.Build.0 = Release|64
		{F0CD9585-AC25-4870-919C-1062161F2DF4}.Release|Any CPU.ActiveCfg = Release|x64
		{F0CD9585-AC25-4870-919C-1062161F2DF4}.Release|Any CPU.Build.0 = Release|x64
		{F0CD9585-AC25-4870-919C-1062161F2DF4}.Release|x64.ActiveCfg = Release|x64
		{F0CD9585-AC25-4870-919C-1062161F2DF4}.Release|x64.Build.0 = Release|x64
		{F0CD9585-AC25-4870-919C-1062161F2DF4}.Release|x86.ActiveCfg = Release|x64
		{F0CD9585-AC25-4870-919C-1062161F2DF4}.Release|x86.Build.0 = Release|x64
		{F0CD9585-AC25-4870-919C-1062161F2DF4}.Debug|64.ActiveCfg = Debug|64
		{F0CD9585-AC25-4870-919C-1062161F2DF4}.Debug|64.Build.0 = Debug|64
		{F0CD9585-AC25-4870-919C-1062161F2DF4}.Debug|Any CPU.ActiveCfg = Debug|x64
		{F0CD9585-AC25-4870-919C-1062161F2DF4}.Debug|Any CPU.Build.0 = Debug|x64
		{F0CD9585-AC25-4870-919C-1062161F2DF4}.Debug|x64.ActiveCfg = Debug|x64
		{F0CD9585-AC25-4870-919C-1062161F2DF4}.Debug|x64.Build.0 = Debug|x64
		{F0CD9585-AC25-4870-919C-1062161F2DF4}.Debug|x86.ActiveCfg = Debug|x64
		{F0CD9585-AC25-4870-919C-1062161F2DF4}.Debug|x86.Build.0 = Debug|x64
		{3BCCAC46-28C9-4141-B0BE-77B6E632EF33}.Release|64.ActiveCfg = Release|64
		{3BCCAC46-28C9-4141-B0BE-77B6E632EF33}.Release|64.Build.0 = Release|64
		{3BCCAC46-28C9-4141-B0BE-77B6E632EF33}.Release|Any CPU.ActiveCfg = Release|x64
		{3BCCAC46-28C9-4141-B0BE-77B6E632EF33}.Release|Any CPU.Build.0 = Release|x64
		{3BCCAC46-28C9-4141-B0BE-77B6E632EF33}.Release|x64.ActiveCfg = Release|x64
		{3BCCAC46-28C9-4141-B0BE-77B6E632EF33}.Release|x64.Build.0 = Release|x64
		{3BCCAC46-28C9-4141-B0BE-77B6E632EF33}.Release|x86.ActiveCfg = Release|x64
		{3BCCAC46-28C9-4141-B0BE-77B6E632EF33}.Release|x86.Build.0 = Release|x64
		{3BCCAC46-28C9-4141-B0BE-77B6E632EF33}.Debug|64.ActiveCfg = Debug|64
		{3BCCAC46-28C9-4141-B0BE-77B6E632EF33}.Debug|64.Build.0 = Debug|64
		{3BCCAC46-28C9-4141-B0BE-77B6E632EF33}.Debug|Any CPU.ActiveCfg = Debug|x64
		{3BCCAC46-28C9-4141-B0BE-77B6E632EF33}.Debug|Any CPU.Build.0 = Debug|x64
		{3BCCAC46-28C9-4141-B0BE-77B6E632EF33}.Debug|x64.ActiveCfg = Debug|x64
		{3BCCAC46-28C9-4141-B0BE-77B6E632EF33}.Debug|x64.Build.0 = Debug|x64
		{3BCCAC46-28C9-4141-B0BE-77B6E632EF33}.Debug|x86.ActiveCfg = Debug|x64
		{3BCCAC46-28C9-4141-B0BE-77B6E632EF33}.Debug|x86.Build.0 = Debug|x64
		{41056DA5-456D-4EB8-8926-6F57BC160D6B}.Release|64.ActiveCfg = Release|64
		{41056DA5-456D-4EB8-8926-6F57BC160D6B}.Release|64.Build.0 = Release|64
		{41056DA5-456D-4EB8-8926-6F57BC160D6B}.Release|Any CPU.ActiveCfg = Release|x64
		{41056DA5-456D-4EB8-8926-6F57BC160D6B}.Release|Any CPU.Build.0 = Release|x64
		{41056DA5-456D-4EB8-8926-6F57BC160D6B}.Release|x64.ActiveCfg = Release|x64
		{41056DA5-456D-4EB8-8926-6F57BC160D6B}.Release|x64.Build.0 = Release|x64
		{41056DA5-456D-4EB8-8926-6F57BC160D6B}.Release|x86.ActiveCfg = Release|x64
		{41056DA5-456D-4EB8-8926-6F57BC160D6B}.Release|x86.Build.0 = Release|x64
		{41056DA5-456D-4EB8-8926-6F57BC160D6B}.Debug|64.ActiveCfg = Debug|64
		{41056DA5-456D-4EB8-8926-6F57BC160D6B}.Debug|64.Build.0 = Debug|64
		{41056DA5-456D-4EB8-8926-6F57BC160D6B}.Debug|Any CPU.ActiveCfg = Debug|x64
		{41056DA5-456D-4EB8-8926-6F57BC160D6B}.Debug|Any CPU.Build.0 = Debug|x64
		{41056DA5-456D-4EB8-8926-6F57BC160D6B}.Debug|x64.ActiveCfg = Debug|x64
		{41056DA5-456D-4EB8-8926-6F57BC160D6B}.Debug|x64.Build.0 = Debug|x64
		{41056DA5-456D-4EB8-8926-6F57BC160D6B}.Debug|x86.ActiveCfg = Debug|x64
		{41056DA5-456D-4EB8-8926-6F57BC160D6B}.Debug|x86.Build.0 = Debug|x64
		{3465EB83-671B-454A-A50A-BAD7D92A0DF3}.Release|64.ActiveCfg = Release|64
		{3465EB83-671B-454A-A50A-BAD7D92A0DF3}.Release|64.Build.0 = Release|64
		{3465EB83-671B-454A-A50A-BAD7D92A0DF3}.Release|Any CPU.ActiveCfg = Release|x64
		{3465EB83-671B-454A-A50A-BAD7D92A0DF3}.Release|Any CPU.Build.0 = Release|x64
		{3465EB83-671B-454A-A50A-BAD7D92A0DF3}.Release|x64.ActiveCfg = Release|x64
		{3465EB83-671B-454A-A50A-BAD7D92A0DF3}.Release|x64.Build.0 = Release|x64
		{3465EB83-671B-454A-A50A-BAD7D92A0DF3}.Release|x86.ActiveCfg = Release|x64
		{3465EB83-671B-454A-A50A-BAD7D92A0DF3}.Release|x86.Build.0 = Release|x64
		{3465EB83-671B-454A-A50A-BAD7D92A0DF3}.Debug|64.ActiveCfg = Debug|64
		{3465EB83-671B-454A-A50A-BAD7D92A0DF3}.Debug|64.Build.0 = Debug|64
		{3465EB83-671B-454A-A50A-BAD7D92A0DF3}.Debug|Any CPU.ActiveCfg = Debug|x64
		{3465EB83-671B-454A-A50A-BAD7D92A0DF3}.Debug|Any CPU.Build.0 = Debug|x64
		{3465EB83-671B-454A-A50A-BAD7D92A0DF3}.Debug|x64.ActiveCfg = Debug|x64
		{3465EB83-671B-454A-A50A-BAD7D92A0DF3}.Debug|x64.Build.0 = Debug|x64
		{3465EB83-671B-454A-A50A-BAD7D92A0DF3}.Debug|x86.ActiveCfg = Debug|x64
		{3465EB83-671B-454A-A50A-BAD7D92A0DF3}.Debug|x86.Build.0 = Debug|x64
	EndGlobalSection
	GlobalSection(SolutionProperties) = preSolution
		HideSolutionNode = FALSE
	EndGlobalSection
	GlobalSection(NestedProjects) = preSolution
		{63C46CBA-5E11-46CC-A155-B3581DE09D75} = {92E4C5DF-E3FE-408E-BF50-CBA65002E917}
		{8D31B4E7-1722-432F-A719-5CA1FFF20691} = {92E4C5DF-E3FE-408E-BF50-CBA65002E917}
		{32D571D2-ADFA-4E03-8FEA-358875CE157C} = {D7E87A8D-7A4C-470A-9B6C-9B251716F256}
		{6B20BD34-A52B-4D09-91D4-07610AC10ECD} = {92E4C5DF-E3FE-408E-BF50-CBA65002E917}
		{5EBD8D3F-B3B6-44E1-BB60-1DB5CC9D0F20} = {92E4C5DF-E3FE-408E-BF50-CBA65002E917}
		{783456A4-393A-490A-8E7B-92E77443BE93} = {92E4C5DF-E3FE-408E-BF50-CBA65002E917}
		{3B2B05C3-53AC-47B6-AE1A-188832DA0FDA} = {63A5B4D4-A9C2-48E4-A7FC-7733236B439F}
		{FEA56BD9-5D02-48AE-9F60-269A3B2F02A4} = {63A5B4D4-A9C2-48E4-A7FC-7733236B439F}
		{F0CD9585-AC25-4870-919C-1062161F2DF4} = {D7E87A8D-7A4C-470A-9B6C-9B251716F256}
		{3BCCAC46-28C9-4141-B0BE-77B6E632EF33} = {63A5B4D4-A9C2-48E4-A7FC-7733236B439F}
		{41056DA5-456D-4EB8-8926-6F57BC160D6B} = {63A5B4D4-A9C2-48E4-A7FC-7733236B439F}
		{3465EB83-671B-454A-A50A-BAD7D92A0DF3} = {63A5B4D4-A9C2-48E4-A7FC-7733236B439F}
	EndGlobalSection
EndGlobal
